github.com/marcinbor85/gohex v0.0.0-20210308104911-55fb1c624d84 h1:hyAgCuG5nqTMDeUD8KZs7HSPs6KprPgPP8QmGV8nyvk=
github.com/marcinbor85/gohex v0.0.0-20210308104911-55fb1c624d84/go.mod h1:Pb6XcsXyropB9LNHhnqaknG/vEwYztLkQzVCHv8sQ3M=
golang.org/x/exp v0.0.0-20240808152545-0cdaa3abc0fa h1:ELnwvuAXPNtPk1TJRuGkI9fDTwym6AYBu0qzT8AcHdI=
golang.org/x/exp v0.0.0-20240808152545-0cdaa3abc0fa/go.mod h1:akd2r19cwCdwSwWeIdzYQGa/EZZyqcOdwWiwj5L5eKQ=
golang.org/x/exp v0.0.0-20240909161429-701f63a606c0 h1:e66Fs6Z+fZTbFBAxKfP3PALWBtpfqks2bwGcexMxgtk=
golang.org/x/exp v0.0.0-20240909161429-701f63a606c0/go.mod h1:2TbTHSBQa924w8M6Xs1QcRcFwyucIwBGpK1p2f1YFFY=
